lockfileVersion: 5.4

specifiers:
  '@types/emscripten': ^1.39.6
  '@types/node': ^18.15.11
  comlink: ^4.4.1
  typescript: ^5.0.3

dependencies:
  comlink: 4.4.1

devDependencies:
  '@types/emscripten': 1.39.6
  '@types/node': 18.15.11
  typescript: 5.0.3

packages:

  /@types/emscripten/1.39.6:
    resolution: {integrity: sha512-H90aoynNhhkQP6DRweEjJp5vfUVdIj7tdPLsu7pq89vODD/lcugKfZOsfgwpvM6XUewEp2N5dCg1Uf3Qe55Dcg==}
    dev: true

  /@types/node/18.15.11:
    resolution: {integrity: sha512-E5Kwq2n4SbMzQOn6wnmBjuK9ouqlURrcZDVfbo9ftDDTFt3nk7ZKK4GMOzoYgnpQJKcxwQw+lGaBvvlMo0qN/Q==}
    dev: true

  /comlink/4.4.1:
    resolution: {integrity: sha512-+1dlx0aY5Jo1vHy/tSsIGpSkN4tS9rZSW8FIhG0JH/crs9wwweswIo/POr451r7bZww3hFbPAKnTpimzL/mm4Q==}
    dev: false

  /typescript/5.0.3:
    resolution: {integrity: sha512-xv8mOEDnigb/tN9PSMTwSEqAnUvkoXMQlicOb0IUVDBSQCgBSaAAROUZYy2IcUy5qU6XajK5jjjO7TMWqBTKZA==}
    engines: {node: '>=12.20'}
    hasBin: true
    dev: true
